
Microsoft Visual Studio Solution File, Format Version 12.00
# Visual Studio Version 16
VisualStudioVersion = 16.0.32510.428
MinimumVisualStudioVersion = 10.0.40219.1
Project("{9A19103F-16F7-4668-BE54-9A1E7A4F7556}") = "soft98", "soft98\soft98.csproj", "{ED560F13-D1C5-4BE4-BE0E-F86F3C66FF22}"
EndProject
Project("{9A19103F-16F7-4668-BE54-9A1E7A4F7556}") = "soft98.DataAccessLayer", "soft98.DataAccessLayer\soft98.DataAccessLayer.csproj", "{93973FAD-AB7F-4B50-886A-62C3B8241FC4}"
EndProject
Project("{9A19103F-16F7-4668-BE54-9A1E7A4F7556}") = "soft98.Core", "sof98.Core\soft98.Core.csproj", "{8053D16E-7476-45C1-BE49-609A5E1FBF61}"
EndProject
Global
	GlobalSection(SolutionConfigurationPlatforms) = preSolution
		Debug|Any CPU = Debug|Any CPU
		Release|Any CPU = Release|Any CPU
	EndGlobalSection
	GlobalSection(ProjectConfigurationPlatforms) = postSolution
		{ED560F13-D1C5-4BE4-BE0E-F86F3C66FF22}.Debug|Any CPU.ActiveCfg = Debug|Any CPU
		{ED560F13-D1C5-4BE4-BE0E-F86F3C66FF22}.Debug|Any CPU.Build.0 = Debug|Any CPU
		{ED560F13-D1C5-4BE4-BE0E-F86F3C66FF22}.Release|Any CPU.ActiveCfg = Release|Any CPU
		{ED560F13-D1C5-4BE4-BE0E-F86F3C66FF22}.Release|Any CPU.Build.0 = Release|Any CPU
		{93973FAD-AB7F-4B50-886A-62C3B8241FC4}.Debug|Any CPU.ActiveCfg = Debug|Any CPU
		{93973FAD-AB7F-4B50-886A-62C3B8241FC4}.Debug|Any CPU.Build.0 = Debug|Any CPU
		{93973FAD-AB7F-4B50-886A-62C3B8241FC4}.Release|Any CPU.ActiveCfg = Release|Any CPU
		{93973FAD-AB7F-4B50-886A-62C3B8241FC4}.Release|Any CPU.Build.0 = Release|Any CPU
		{8053D16E-7476-45C1-BE49-609A5E1FBF61}.Debug|Any CPU.ActiveCfg = Debug|Any CPU
		{8053D16E-7476-45C1-BE49-609A5E1FBF61}.Debug|Any CPU.Build.0 = Debug|Any CPU
		{8053D16E-7476-45C1-BE49-609A5E1FBF61}.Release|Any CPU.ActiveCfg = Release|Any CPU
		{8053D16E-7476-45C1-BE49-609A5E1FBF61}.Release|Any CPU.Build.0 = Release|Any CPU
	EndGlobalSection
	GlobalSection(SolutionProperties) = preSolution
		HideSolutionNode = FALSE
	EndGlobalSection
	GlobalSection(ExtensibilityGlobals) = postSolution
		SolutionGuid = {710771EA-DDDF-4D5E-9F28-9CB2CE001971}
	EndGlobalSection
EndGlobal
